
Microsoft Visual Studio Solution File, Format Version 12.00
# Visual Studio Version 17
VisualStudioVersion = 17.7.34221.43
MinimumVisualStudioVersion = 10.0.40219.1
Project("{FAE04EC0-301F-11D3-BF4B-00C04F79EFBC}") = "PhoneBook", "PhoneBook.csproj", "{19EEBD75-E314-415B-AE02-DA6CA796B30C}"
EndProject
Global
	GlobalSection(SolutionConfigurationPlatforms) = preSolution
		Debug|Any CPU = Debug|Any CPU
		Release|Any CPU = Release|Any CPU
	EndGlobalSection
	GlobalSection(ProjectConfigurationPlatforms) = postSolution
		{19EEBD75-E314-415B-AE02-DA6CA796B30C}.Debug|Any CPU.ActiveCfg = Debug|Any CPU
		{19EEBD75-E314-415B-AE02-DA6CA796B30C}.Debug|Any CPU.Build.0 = Debug|Any CPU
		{19EEBD75-E314-415B-AE02-DA6CA796B30C}.Release|Any CPU.ActiveCfg = Release|Any CPU
		{19EEBD75-E314-415B-AE02-DA6CA796B30C}.Release|Any CPU.Build.0 = Release|Any CPU
	EndGlobalSection
	GlobalSection(SolutionProperties) = preSolution
		HideSolutionNode = FALSE
	EndGlobalSection
	GlobalSection(ExtensibilityGlobals) = postSolution
		SolutionGuid = {F1B3B3D4-4F51-4540-9926-9542B583462B}
	EndGlobalSection
EndGlobal
